dependencies:
- name: postgresql
  repository: https://charts.bitnami.com/bitnami
  version: 16.2.1
- name: infinispan
  repository: https://charts.openshift.io/
  version: 0.4.1
digest: sha256:26311509f93da09a2ac63248ad9088c96c9ebabb54899f3933b9670f5588cdcd
generated: "2025-01-19T13:46:13.573939742+01:00"
